{
  "name": "UI",
  "lockfileVersion": 2,
  "requires": true,
  "packages": {
    "": {
      "dependencies": {
        "trumbowyg": "^2.23.0"
      }
    },
    "node_modules/jquery": {
      "version": "3.5.1",
      "resolved": "https://registry.npmjs.org/jquery/-/jquery-3.5.1.tgz",
      "integrity": "sha512-XwIBPqcMn57FxfT+Go5pzySnm4KWkT1Tv7gjrpT1srtf8Weynl6R273VJ5GjkRb51IzMp5nbaPjJXMWeju2MKg==",
      "peer": true
    },
    "node_modules/trumbowyg": {
      "version": "2.23.0",
      "resolved": "https://registry.npmjs.org/trumbowyg/-/trumbowyg-2.23.0.tgz",
      "integrity": "sha512-g9Ac+RKUtYsTX4eGM/MMe+WhjHhafhp5Nz7zHP9zQtaghv84SOoNaGO5Z7brmFVQSJyatB0ee5qFztZYlNJfEg==",
      "peerDependencies": {
        "jquery": ">=1.8"
      }
    }
  },
  "dependencies": {
    "jquery": {
      "version": "3.5.1",
      "resolved": "https://registry.npmjs.org/jquery/-/jquery-3.5.1.tgz",
      "integrity": "sha512-XwIBPqcMn57FxfT+Go5pzySnm4KWkT1Tv7gjrpT1srtf8Weynl6R273VJ5GjkRb51IzMp5nbaPjJXMWeju2MKg==",
      "peer": true
    },
    "trumbowyg": {
      "version": "2.23.0",
      "resolved": "https://registry.npmjs.org/trumbowyg/-/trumbowyg-2.23.0.tgz",
      "integrity": "sha512-g9Ac+RKUtYsTX4eGM/MMe+WhjHhafhp5Nz7zHP9zQtaghv84SOoNaGO5Z7brmFVQSJyatB0ee5qFztZYlNJfEg==",
      "requires": {}
    }
  }
}
